
Microsoft Visual Studio Solution File, Format Version 11.00
# Visual C# Express 2010
Project("{FAE04EC0-301F-11D3-BF4B-00C04F79EFBC}") = "Atlassian.Linq", "Atlassian.Linq\Atlassian.Linq.csproj", "{DC7A8CC7-E068-45DB-8A8B-6300E885FCA8}"
EndProject
Project("{FAE04EC0-301F-11D3-BF4B-00C04F79EFBC}") = "Atlassian.Linq.Test", "Atlassian.Linq.Test\Atlassian.Linq.Test.csproj", "{D122F4E0-8737-431E-9212-4A662C25B72D}"
EndProject
Global
	GlobalSection(SolutionConfigurationPlatforms) = preSolution
		Debug|Any CPU = Debug|Any CPU
		Release|Any CPU = Release|Any CPU
	EndGlobalSection
	GlobalSection(ProjectConfigurationPlatforms) = postSolution
		{DC7A8CC7-E068-45DB-8A8B-6300E885FCA8}.Debug|Any CPU.ActiveCfg = Debug|Any CPU
		{DC7A8CC7-E068-45DB-8A8B-6300E885FCA8}.Debug|Any CPU.Build.0 = Debug|Any CPU
		{DC7A8CC7-E068-45DB-8A8B-6300E885FCA8}.Release|Any CPU.ActiveCfg = Release|Any CPU
		{DC7A8CC7-E068-45DB-8A8B-6300E885FCA8}.Release|Any CPU.Build.0 = Release|Any CPU
		{D122F4E0-8737-431E-9212-4A662C25B72D}.Debug|Any CPU.ActiveCfg = Debug|Any CPU
		{D122F4E0-8737-431E-9212-4A662C25B72D}.Debug|Any CPU.Build.0 = Debug|Any CPU
		{D122F4E0-8737-431E-9212-4A662C25B72D}.Release|Any CPU.ActiveCfg = Release|Any CPU
		{D122F4E0-8737-431E-9212-4A662C25B72D}.Release|Any CPU.Build.0 = Release|Any CPU
	EndGlobalSection
	GlobalSection(SolutionProperties) = preSolution
		HideSolutionNode = FALSE
	EndGlobalSection
EndGlobal
