
Microsoft Visual Studio Solution File, Format Version 11.00
# Visual C# Express 2010
Project("{FAE04EC0-301F-11D3-BF4B-00C04F79EFBC}") = "Atlassian.Jira.Linq", "Atlassian.Jira.Linq\Atlassian.Jira.Linq.csproj", "{3709B271-989E-45E2-BA01-780AE2CE5DE5}"
EndProject
Project("{FAE04EC0-301F-11D3-BF4B-00C04F79EFBC}") = "Atlassian.Jira.Linq.Test", "Atlassian.Jira.Linq.Test\Atlassian.Jira.Linq.Test.csproj", "{A5BA3387-9ABC-4257-8808-010C67C1A674}"
EndProject
Project("{FAE04EC0-301F-11D3-BF4B-00C04F79EFBC}") = "Atlassian.Jira", "Atlassian.Jira\Atlassian.Jira.csproj", "{438EB0CF-D781-4F1B-9BD3-B33638AA8D1D}"
EndProject
Global
	GlobalSection(SolutionConfigurationPlatforms) = preSolution
		Debug|Any CPU = Debug|Any CPU
		Release|Any CPU = Release|Any CPU
	EndGlobalSection
	GlobalSection(ProjectConfigurationPlatforms) = postSolution
		{3709B271-989E-45E2-BA01-780AE2CE5DE5}.Debug|Any CPU.ActiveCfg = Debug|Any CPU
		{3709B271-989E-45E2-BA01-780AE2CE5DE5}.Debug|Any CPU.Build.0 = Debug|Any CPU
		{3709B271-989E-45E2-BA01-780AE2CE5DE5}.Release|Any CPU.ActiveCfg = Release|Any CPU
		{3709B271-989E-45E2-BA01-780AE2CE5DE5}.Release|Any CPU.Build.0 = Release|Any CPU
		{A5BA3387-9ABC-4257-8808-010C67C1A674}.Debug|Any CPU.ActiveCfg = Debug|Any CPU
		{A5BA3387-9ABC-4257-8808-010C67C1A674}.Debug|Any CPU.Build.0 = Debug|Any CPU
		{A5BA3387-9ABC-4257-8808-010C67C1A674}.Release|Any CPU.ActiveCfg = Release|Any CPU
		{A5BA3387-9ABC-4257-8808-010C67C1A674}.Release|Any CPU.Build.0 = Release|Any CPU
		{438EB0CF-D781-4F1B-9BD3-B33638AA8D1D}.Debug|Any CPU.ActiveCfg = Debug|Any CPU
		{438EB0CF-D781-4F1B-9BD3-B33638AA8D1D}.Debug|Any CPU.Build.0 = Debug|Any CPU
		{438EB0CF-D781-4F1B-9BD3-B33638AA8D1D}.Release|Any CPU.ActiveCfg = Release|Any CPU
		{438EB0CF-D781-4F1B-9BD3-B33638AA8D1D}.Release|Any CPU.Build.0 = Release|Any CPU
	EndGlobalSection
	GlobalSection(SolutionProperties) = preSolution
		HideSolutionNode = FALSE
	EndGlobalSection
EndGlobal
